
Microsoft Visual Studio Solution File, Format Version 12.00
# Visual Studio Version 17
VisualStudioVersion = 17.0.32112.339
MinimumVisualStudioVersion = 10.0.40219.1
Project("{9A19103F-16F7-4668-BE54-9A1E7A4F7556}") = "NetworkOfShops", "NetworkOfShops\NetworkOfShops.csproj", "{6D46C8A8-9119-46EE-8678-88344D960467}"
EndProject
Project("{9A19103F-16F7-4668-BE54-9A1E7A4F7556}") = "NetworkOfShops.Models", "NetworkOfShops.Models\NetworkOfShops.Models.csproj", "{7DCB526A-CAA4-4EC2-AB5B-DAEDE1803247}"
EndProject
Project("{FAE04EC0-301F-11D3-BF4B-00C04F79EFBC}") = "NetworkOfShopsTest", "NetworkOfShopsTest\NetworkOfShopsTest.csproj", "{A99C438C-27BB-4BCA-9A27-66CC281D4513}"
EndProject
Global
	GlobalSection(SolutionConfigurationPlatforms) = preSolution
		Debug|Any CPU = Debug|Any CPU
		Release|Any CPU = Release|Any CPU
	EndGlobalSection
	GlobalSection(ProjectConfigurationPlatforms) = postSolution
		{6D46C8A8-9119-46EE-8678-88344D960467}.Debug|Any CPU.ActiveCfg = Debug|Any CPU
		{6D46C8A8-9119-46EE-8678-88344D960467}.Debug|Any CPU.Build.0 = Debug|Any CPU
		{6D46C8A8-9119-46EE-8678-88344D960467}.Release|Any CPU.ActiveCfg = Release|Any CPU
		{6D46C8A8-9119-46EE-8678-88344D960467}.Release|Any CPU.Build.0 = Release|Any CPU
		{7DCB526A-CAA4-4EC2-AB5B-DAEDE1803247}.Debug|Any CPU.ActiveCfg = Debug|Any CPU
		{7DCB526A-CAA4-4EC2-AB5B-DAEDE1803247}.Debug|Any CPU.Build.0 = Debug|Any CPU
		{7DCB526A-CAA4-4EC2-AB5B-DAEDE1803247}.Release|Any CPU.ActiveCfg = Release|Any CPU
		{7DCB526A-CAA4-4EC2-AB5B-DAEDE1803247}.Release|Any CPU.Build.0 = Release|Any CPU
		{A99C438C-27BB-4BCA-9A27-66CC281D4513}.Debug|Any CPU.ActiveCfg = Debug|Any CPU
		{A99C438C-27BB-4BCA-9A27-66CC281D4513}.Debug|Any CPU.Build.0 = Debug|Any CPU
		{A99C438C-27BB-4BCA-9A27-66CC281D4513}.Release|Any CPU.ActiveCfg = Release|Any CPU
		{A99C438C-27BB-4BCA-9A27-66CC281D4513}.Release|Any CPU.Build.0 = Release|Any CPU
	EndGlobalSection
	GlobalSection(SolutionProperties) = preSolution
		HideSolutionNode = FALSE
	EndGlobalSection
	GlobalSection(ExtensibilityGlobals) = postSolution
		SolutionGuid = {76676A8A-FD17-4168-8D6F-3EC6B77CEC4C}
	EndGlobalSection
EndGlobal
